
Microsoft Visual Studio Solution File, Format Version 12.00
# Visual Studio 2012
Project("{FAE04EC0-301F-11D3-BF4B-00C04F79EFBC}") = "AuthWebRequest", "AuthWebRequest\AuthWebRequest.csproj", "{635FFF0D-0BB3-4637-8151-7C42A30960D1}"
EndProject
Project("{FAE04EC0-301F-11D3-BF4B-00C04F79EFBC}") = "AuthWebRequest.Droid", "Droid\AuthWebRequest.Droid.csproj", "{798DDCDE-B077-4AEC-AFF3-BDAC3A0621DD}"
EndProject
Global
	GlobalSection(SolutionConfigurationPlatforms) = preSolution
		Debug|Any CPU = Debug|Any CPU
		Release|Any CPU = Release|Any CPU
	EndGlobalSection
	GlobalSection(ProjectConfigurationPlatforms) = postSolution
		{635FFF0D-0BB3-4637-8151-7C42A30960D1}.Debug|Any CPU.ActiveCfg = Debug|Any CPU
		{635FFF0D-0BB3-4637-8151-7C42A30960D1}.Debug|Any CPU.Build.0 = Debug|Any CPU
		{635FFF0D-0BB3-4637-8151-7C42A30960D1}.Release|Any CPU.ActiveCfg = Release|Any CPU
		{635FFF0D-0BB3-4637-8151-7C42A30960D1}.Release|Any CPU.Build.0 = Release|Any CPU
		{798DDCDE-B077-4AEC-AFF3-BDAC3A0621DD}.Debug|Any CPU.ActiveCfg = Debug|Any CPU
		{798DDCDE-B077-4AEC-AFF3-BDAC3A0621DD}.Debug|Any CPU.Build.0 = Debug|Any CPU
		{798DDCDE-B077-4AEC-AFF3-BDAC3A0621DD}.Release|Any CPU.ActiveCfg = Release|Any CPU
		{798DDCDE-B077-4AEC-AFF3-BDAC3A0621DD}.Release|Any CPU.Build.0 = Release|Any CPU
	EndGlobalSection
EndGlobal
